
Microsoft Visual Studio Solution File, Format Version 12.00
# Visual Studio 14
VisualStudioVersion = 14.0.25420.1
MinimumVisualStudioVersion = 10.0.40219.1
Project("{FAE04EC0-301F-11D3-BF4B-00C04F79EFBC}") = "VerTokenSeguridad_Actualice", "VerTokenSeguridad_Actualice\VerTokenSeguridad_Actualice.csproj", "{ACFEE88D-C456-4904-84EB-D4C2548905E9}"
EndProject
Project("{FAE04EC0-301F-11D3-BF4B-00C04F79EFBC}") = "ReneUtiles", "..\..\ReneUtiles\ReneUtiles\ReneUtiles.csproj", "{AE5BC0D2-5527-4252-9691-3CD82DB1F71F}"
EndProject
Project("{FAE04EC0-301F-11D3-BF4B-00C04F79EFBC}") = "ReneWPF", "..\..\ReneWPF\ReneWPF\ReneWPF.csproj", "{6DE58DF7-8771-418D-B07E-20F38083DEDD}"
EndProject
Global
	GlobalSection(SolutionConfigurationPlatforms) = preSolution
		Debug|Any CPU = Debug|Any CPU
		Release|Any CPU = Release|Any CPU
	EndGlobalSection
	GlobalSection(ProjectConfigurationPlatforms) = postSolution
		{ACFEE88D-C456-4904-84EB-D4C2548905E9}.Debug|Any CPU.ActiveCfg = Debug|Any CPU
		{ACFEE88D-C456-4904-84EB-D4C2548905E9}.Debug|Any CPU.Build.0 = Debug|Any CPU
		{ACFEE88D-C456-4904-84EB-D4C2548905E9}.Release|Any CPU.ActiveCfg = Release|Any CPU
		{ACFEE88D-C456-4904-84EB-D4C2548905E9}.Release|Any CPU.Build.0 = Release|Any CPU
		{AE5BC0D2-5527-4252-9691-3CD82DB1F71F}.Debug|Any CPU.ActiveCfg = Debug|Any CPU
		{AE5BC0D2-5527-4252-9691-3CD82DB1F71F}.Debug|Any CPU.Build.0 = Debug|Any CPU
		{AE5BC0D2-5527-4252-9691-3CD82DB1F71F}.Release|Any CPU.ActiveCfg = Release|Any CPU
		{AE5BC0D2-5527-4252-9691-3CD82DB1F71F}.Release|Any CPU.Build.0 = Release|Any CPU
		{6DE58DF7-8771-418D-B07E-20F38083DEDD}.Debug|Any CPU.ActiveCfg = Debug|Any CPU
		{6DE58DF7-8771-418D-B07E-20F38083DEDD}.Debug|Any CPU.Build.0 = Debug|Any CPU
		{6DE58DF7-8771-418D-B07E-20F38083DEDD}.Release|Any CPU.ActiveCfg = Release|Any CPU
		{6DE58DF7-8771-418D-B07E-20F38083DEDD}.Release|Any CPU.Build.0 = Release|Any CPU
	EndGlobalSection
	GlobalSection(SolutionProperties) = preSolution
		HideSolutionNode = FALSE
	EndGlobalSection
EndGlobal
